
Microsoft Visual Studio Solution File, Format Version 12.00
# Visual Studio 15
Project("{FAE04EC0-301F-11D3-BF4B-00C04F79EFBC}") = "Assembly-CSharp", "Assembly-CSharp.csproj", "{3443BF3C-EAD6-E465-BADD-506AA56CA658}"
EndProject
Project("{FAE04EC0-301F-11D3-BF4B-00C04F79EFBC}") = "Assembly-CSharp-firstpass", "Assembly-CSharp-firstpass.csproj", "{65173ED4-1F57-53D5-13BA-7879068E8BE4}"
EndProject
Project("{FAE04EC0-301F-11D3-BF4B-00C04F79EFBC}") = "Assembly-CSharp-Editor", "Assembly-CSharp-Editor.csproj", "{E2284D33-A423-2680-03BD-F15388E3FEE0}"
EndProject
Global
	GlobalSection(SolutionConfigurationPlatforms) = preSolution
		Debug|Any CPU = Debug|Any CPU
		Release|Any CPU = Release|Any CPU
	EndGlobalSection
	GlobalSection(ProjectConfigurationPlatforms) = postSolution
		{3443BF3C-EAD6-E465-BADD-506AA56CA658}.Debug|Any CPU.ActiveCfg = Debug|Any CPU
		{3443BF3C-EAD6-E465-BADD-506AA56CA658}.Debug|Any CPU.Build.0 = Debug|Any CPU
		{3443BF3C-EAD6-E465-BADD-506AA56CA658}.Release|Any CPU.ActiveCfg = Release|Any CPU
		{3443BF3C-EAD6-E465-BADD-506AA56CA658}.Release|Any CPU.Build.0 = Release|Any CPU
		{65173ED4-1F57-53D5-13BA-7879068E8BE4}.Debug|Any CPU.ActiveCfg = Debug|Any CPU
		{65173ED4-1F57-53D5-13BA-7879068E8BE4}.Debug|Any CPU.Build.0 = Debug|Any CPU
		{65173ED4-1F57-53D5-13BA-7879068E8BE4}.Release|Any CPU.ActiveCfg = Release|Any CPU
		{65173ED4-1F57-53D5-13BA-7879068E8BE4}.Release|Any CPU.Build.0 = Release|Any CPU
		{E2284D33-A423-2680-03BD-F15388E3FEE0}.Debug|Any CPU.ActiveCfg = Debug|Any CPU
		{E2284D33-A423-2680-03BD-F15388E3FEE0}.Debug|Any CPU.Build.0 = Debug|Any CPU
		{E2284D33-A423-2680-03BD-F15388E3FEE0}.Release|Any CPU.ActiveCfg = Release|Any CPU
		{E2284D33-A423-2680-03BD-F15388E3FEE0}.Release|Any CPU.Build.0 = Release|Any CPU
	EndGlobalSection
	GlobalSection(SolutionProperties) = preSolution
		HideSolutionNode = FALSE
	EndGlobalSection
EndGlobal
